
Microsoft Visual Studio Solution File, Format Version 12.00
# Visual Studio Version 16
VisualStudioVersion = 16.0.31515.178
MinimumVisualStudioVersion = 10.0.40219.1
Project("{FAE04EC0-301F-11D3-BF4B-00C04F79EFBC}") = "Clase031", "Clase031\Clase031.csproj", "{8049025C-2CE5-412A-9FF4-7CDE713210B0}"
EndProject
Project("{FAE04EC0-301F-11D3-BF4B-00C04F79EFBC}") = "Clase033", "Clase033\Clase033.csproj", "{40306E78-CC65-4A75-A6C0-E2A2670B9875}"
EndProject
Project("{FAE04EC0-301F-11D3-BF4B-00C04F79EFBC}") = "Clase034", "Clase034\Clase034.csproj", "{3E9E262F-D627-46E5-87B3-2ECE5BBFEB51}"
EndProject
Project("{911E67C6-3D85-4FCE-B560-20A9C3E3FF48}") = "Clase0032", "Clase032\bin\Debug\Clase0032.exe", "{FE8D3DC5-2C0F-43C3-9847-1ED5A0DF442F}"
	ProjectSection(DebuggerProjectSystem) = preProject
		PortSupplier = 00000000-0000-0000-0000-000000000000
		Executable = C:\Users\frobriel\source\repos\estudio_csharp\Clase032\bin\Debug\Clase0032.exe
		RemoteMachine = DESKTOP-1L60D2C
		StartingDirectory = C:\Users\frobriel\source\repos\estudio_csharp\Clase032\bin\Debug
		Environment = Default
		LaunchingEngine = 00000000-0000-0000-0000-000000000000
		UseLegacyDebugEngines = No
		LaunchSQLEngine = No
		AttachLaunchAction = No
		IORedirection = Auto
	EndProjectSection
EndProject
Project("{FAE04EC0-301F-11D3-BF4B-00C04F79EFBC}") = "Clase035", "Clase035\Clase035.csproj", "{B0BC8A85-A062-4987-8FF7-E04F37379B46}"
EndProject
Project("{FAE04EC0-301F-11D3-BF4B-00C04F79EFBC}") = "Clase036", "Clase036\Clase036.csproj", "{DC2BCC70-B647-4EBB-A182-790B17331C9A}"
EndProject
Project("{FAE04EC0-301F-11D3-BF4B-00C04F79EFBC}") = "Clase037", "Clase037\Clase037.csproj", "{F025FF4B-D8A4-400E-8C8A-94F93A16D5B2}"
EndProject
Project("{FAE04EC0-301F-11D3-BF4B-00C04F79EFBC}") = "Clase032", "Clase032\Clase032.csproj", "{301BECD1-966B-4601-BC15-D32069DF68BC}"
EndProject
Project("{FAE04EC0-301F-11D3-BF4B-00C04F79EFBC}") = "Clase038", "Clase038\Clase038.csproj", "{7B4A7292-2BB9-4A41-8C53-2AF94BF6BCCB}"
EndProject
Project("{FAE04EC0-301F-11D3-BF4B-00C04F79EFBC}") = "clase039", "clase039\clase039.csproj", "{E15C1264-A80D-4459-9408-36B109B6E9B6}"
EndProject
Project("{FAE04EC0-301F-11D3-BF4B-00C04F79EFBC}") = "clase040", "clase040\clase040.csproj", "{6F649777-B0FB-4325-8FD0-A818D34FF495}"
EndProject
Project("{FAE04EC0-301F-11D3-BF4B-00C04F79EFBC}") = "Clase041", "Clase041\Clase041.csproj", "{BA548DB4-37AB-4C75-B661-5B1182103CCA}"
EndProject
Project("{FAE04EC0-301F-11D3-BF4B-00C04F79EFBC}") = "Clase042", "Clase042\Clase042.csproj", "{5EB0E546-4F43-4448-A461-6F17BB2FC6C6}"
EndProject
Project("{FAE04EC0-301F-11D3-BF4B-00C04F79EFBC}") = "Clase043", "Clase043\Clase043.csproj", "{BDF7C001-6789-409C-8324-CC45E3335228}"
EndProject
Project("{FAE04EC0-301F-11D3-BF4B-00C04F79EFBC}") = "Clase044", "Clase044\Clase044.csproj", "{94A5D534-A5EC-44F7-B699-9F166A8AAC08}"
EndProject
Project("{FAE04EC0-301F-11D3-BF4B-00C04F79EFBC}") = "Clase045", "Clase045\Clase045.csproj", "{BDE15A71-0C11-41AD-826E-6C1281A0820B}"
EndProject
Global
	GlobalSection(SolutionConfigurationPlatforms) = preSolution
		Debug|Any CPU = Debug|Any CPU
		Debug|x86 = Debug|x86
		Release|Any CPU = Release|Any CPU
		Release|x86 = Release|x86
	EndGlobalSection
	GlobalSection(ProjectConfigurationPlatforms) = postSolution
		{8049025C-2CE5-412A-9FF4-7CDE713210B0}.Debug|Any CPU.ActiveCfg = Debug|Any CPU
		{8049025C-2CE5-412A-9FF4-7CDE713210B0}.Debug|Any CPU.Build.0 = Debug|Any CPU
		{8049025C-2CE5-412A-9FF4-7CDE713210B0}.Debug|x86.ActiveCfg = Debug|Any CPU
		{8049025C-2CE5-412A-9FF4-7CDE713210B0}.Debug|x86.Build.0 = Debug|Any CPU
		{8049025C-2CE5-412A-9FF4-7CDE713210B0}.Release|Any CPU.ActiveCfg = Release|Any CPU
		{8049025C-2CE5-412A-9FF4-7CDE713210B0}.Release|Any CPU.Build.0 = Release|Any CPU
		{8049025C-2CE5-412A-9FF4-7CDE713210B0}.Release|x86.ActiveCfg = Release|Any CPU
		{8049025C-2CE5-412A-9FF4-7CDE713210B0}.Release|x86.Build.0 = Release|Any CPU
		{40306E78-CC65-4A75-A6C0-E2A2670B9875}.Debug|Any CPU.ActiveCfg = Debug|Any CPU
		{40306E78-CC65-4A75-A6C0-E2A2670B9875}.Debug|Any CPU.Build.0 = Debug|Any CPU
		{40306E78-CC65-4A75-A6C0-E2A2670B9875}.Debug|x86.ActiveCfg = Debug|Any CPU
		{40306E78-CC65-4A75-A6C0-E2A2670B9875}.Debug|x86.Build.0 = Debug|Any CPU
		{40306E78-CC65-4A75-A6C0-E2A2670B9875}.Release|Any CPU.ActiveCfg = Release|Any CPU
		{40306E78-CC65-4A75-A6C0-E2A2670B9875}.Release|Any CPU.Build.0 = Release|Any CPU
		{40306E78-CC65-4A75-A6C0-E2A2670B9875}.Release|x86.ActiveCfg = Release|Any CPU
		{40306E78-CC65-4A75-A6C0-E2A2670B9875}.Release|x86.Build.0 = Release|Any CPU
		{3E9E262F-D627-46E5-87B3-2ECE5BBFEB51}.Debug|Any CPU.ActiveCfg = Debug|Any CPU
		{3E9E262F-D627-46E5-87B3-2ECE5BBFEB51}.Debug|Any CPU.Build.0 = Debug|Any CPU
		{3E9E262F-D627-46E5-87B3-2ECE5BBFEB51}.Debug|x86.ActiveCfg = Debug|Any CPU
		{3E9E262F-D627-46E5-87B3-2ECE5BBFEB51}.Debug|x86.Build.0 = Debug|Any CPU
		{3E9E262F-D627-46E5-87B3-2ECE5BBFEB51}.Release|Any CPU.ActiveCfg = Release|Any CPU
		{3E9E262F-D627-46E5-87B3-2ECE5BBFEB51}.Release|Any CPU.Build.0 = Release|Any CPU
		{3E9E262F-D627-46E5-87B3-2ECE5BBFEB51}.Release|x86.ActiveCfg = Release|Any CPU
		{3E9E262F-D627-46E5-87B3-2ECE5BBFEB51}.Release|x86.Build.0 = Release|Any CPU
		{FE8D3DC5-2C0F-43C3-9847-1ED5A0DF442F}.Debug|Any CPU.ActiveCfg = Release|x86
		{FE8D3DC5-2C0F-43C3-9847-1ED5A0DF442F}.Debug|x86.ActiveCfg = Release|x86
		{FE8D3DC5-2C0F-43C3-9847-1ED5A0DF442F}.Release|Any CPU.ActiveCfg = Release|x86
		{FE8D3DC5-2C0F-43C3-9847-1ED5A0DF442F}.Release|x86.ActiveCfg = Release|x86
		{B0BC8A85-A062-4987-8FF7-E04F37379B46}.Debug|Any CPU.ActiveCfg = Debug|Any CPU
		{B0BC8A85-A062-4987-8FF7-E04F37379B46}.Debug|Any CPU.Build.0 = Debug|Any CPU
		{B0BC8A85-A062-4987-8FF7-E04F37379B46}.Debug|x86.ActiveCfg = Debug|Any CPU
		{B0BC8A85-A062-4987-8FF7-E04F37379B46}.Debug|x86.Build.0 = Debug|Any CPU
		{B0BC8A85-A062-4987-8FF7-E04F37379B46}.Release|Any CPU.ActiveCfg = Release|Any CPU
		{B0BC8A85-A062-4987-8FF7-E04F37379B46}.Release|Any CPU.Build.0 = Release|Any CPU
		{B0BC8A85-A062-4987-8FF7-E04F37379B46}.Release|x86.ActiveCfg = Release|Any CPU
		{B0BC8A85-A062-4987-8FF7-E04F37379B46}.Release|x86.Build.0 = Release|Any CPU
		{DC2BCC70-B647-4EBB-A182-790B17331C9A}.Debug|Any CPU.ActiveCfg = Debug|Any CPU
		{DC2BCC70-B647-4EBB-A182-790B17331C9A}.Debug|Any CPU.Build.0 = Debug|Any CPU
		{DC2BCC70-B647-4EBB-A182-790B17331C9A}.Debug|x86.ActiveCfg = Debug|Any CPU
		{DC2BCC70-B647-4EBB-A182-790B17331C9A}.Debug|x86.Build.0 = Debug|Any CPU
		{DC2BCC70-B647-4EBB-A182-790B17331C9A}.Release|Any CPU.ActiveCfg = Release|Any CPU
		{DC2BCC70-B647-4EBB-A182-790B17331C9A}.Release|Any CPU.Build.0 = Release|Any CPU
		{DC2BCC70-B647-4EBB-A182-790B17331C9A}.Release|x86.ActiveCfg = Release|Any CPU
		{DC2BCC70-B647-4EBB-A182-790B17331C9A}.Release|x86.Build.0 = Release|Any CPU
		{F025FF4B-D8A4-400E-8C8A-94F93A16D5B2}.Debug|Any CPU.ActiveCfg = Debug|Any CPU
		{F025FF4B-D8A4-400E-8C8A-94F93A16D5B2}.Debug|Any CPU.Build.0 = Debug|Any CPU
		{F025FF4B-D8A4-400E-8C8A-94F93A16D5B2}.Debug|x86.ActiveCfg = Debug|Any CPU
		{F025FF4B-D8A4-400E-8C8A-94F93A16D5B2}.Debug|x86.Build.0 = Debug|Any CPU
		{F025FF4B-D8A4-400E-8C8A-94F93A16D5B2}.Release|Any CPU.ActiveCfg = Release|Any CPU
		{F025FF4B-D8A4-400E-8C8A-94F93A16D5B2}.Release|Any CPU.Build.0 = Release|Any CPU
		{F025FF4B-D8A4-400E-8C8A-94F93A16D5B2}.Release|x86.ActiveCfg = Release|Any CPU
		{F025FF4B-D8A4-400E-8C8A-94F93A16D5B2}.Release|x86.Build.0 = Release|Any CPU
		{301BECD1-966B-4601-BC15-D32069DF68BC}.Debug|Any CPU.ActiveCfg = Debug|Any CPU
		{301BECD1-966B-4601-BC15-D32069DF68BC}.Debug|Any CPU.Build.0 = Debug|Any CPU
		{301BECD1-966B-4601-BC15-D32069DF68BC}.Debug|x86.ActiveCfg = Debug|Any CPU
		{301BECD1-966B-4601-BC15-D32069DF68BC}.Debug|x86.Build.0 = Debug|Any CPU
		{301BECD1-966B-4601-BC15-D32069DF68BC}.Release|Any CPU.ActiveCfg = Release|Any CPU
		{301BECD1-966B-4601-BC15-D32069DF68BC}.Release|Any CPU.Build.0 = Release|Any CPU
		{301BECD1-966B-4601-BC15-D32069DF68BC}.Release|x86.ActiveCfg = Release|Any CPU
		{301BECD1-966B-4601-BC15-D32069DF68BC}.Release|x86.Build.0 = Release|Any CPU
		{7B4A7292-2BB9-4A41-8C53-2AF94BF6BCCB}.Debug|Any CPU.ActiveCfg = Debug|Any CPU
		{7B4A7292-2BB9-4A41-8C53-2AF94BF6BCCB}.Debug|Any CPU.Build.0 = Debug|Any CPU
		{7B4A7292-2BB9-4A41-8C53-2AF94BF6BCCB}.Debug|x86.ActiveCfg = Debug|Any CPU
		{7B4A7292-2BB9-4A41-8C53-2AF94BF6BCCB}.Debug|x86.Build.0 = Debug|Any CPU
		{7B4A7292-2BB9-4A41-8C53-2AF94BF6BCCB}.Release|Any CPU.ActiveCfg = Release|Any CPU
		{7B4A7292-2BB9-4A41-8C53-2AF94BF6BCCB}.Release|Any CPU.Build.0 = Release|Any CPU
		{7B4A7292-2BB9-4A41-8C53-2AF94BF6BCCB}.Release|x86.ActiveCfg = Release|Any CPU
		{7B4A7292-2BB9-4A41-8C53-2AF94BF6BCCB}.Release|x86.Build.0 = Release|Any CPU
		{E15C1264-A80D-4459-9408-36B109B6E9B6}.Debug|Any CPU.ActiveCfg = Debug|Any CPU
		{E15C1264-A80D-4459-9408-36B109B6E9B6}.Debug|Any CPU.Build.0 = Debug|Any CPU
		{E15C1264-A80D-4459-9408-36B109B6E9B6}.Debug|x86.ActiveCfg = Debug|Any CPU
		{E15C1264-A80D-4459-9408-36B109B6E9B6}.Debug|x86.Build.0 = Debug|Any CPU
		{E15C1264-A80D-4459-9408-36B109B6E9B6}.Release|Any CPU.ActiveCfg = Release|Any CPU
		{E15C1264-A80D-4459-9408-36B109B6E9B6}.Release|Any CPU.Build.0 = Release|Any CPU
		{E15C1264-A80D-4459-9408-36B109B6E9B6}.Release|x86.ActiveCfg = Release|Any CPU
		{E15C1264-A80D-4459-9408-36B109B6E9B6}.Release|x86.Build.0 = Release|Any CPU
		{6F649777-B0FB-4325-8FD0-A818D34FF495}.Debug|Any CPU.ActiveCfg = Debug|Any CPU
		{6F649777-B0FB-4325-8FD0-A818D34FF495}.Debug|Any CPU.Build.0 = Debug|Any CPU
		{6F649777-B0FB-4325-8FD0-A818D34FF495}.Debug|x86.ActiveCfg = Debug|Any CPU
		{6F649777-B0FB-4325-8FD0-A818D34FF495}.Debug|x86.Build.0 = Debug|Any CPU
		{6F649777-B0FB-4325-8FD0-A818D34FF495}.Release|Any CPU.ActiveCfg = Release|Any CPU
		{6F649777-B0FB-4325-8FD0-A818D34FF495}.Release|Any CPU.Build.0 = Release|Any CPU
		{6F649777-B0FB-4325-8FD0-A818D34FF495}.Release|x86.ActiveCfg = Release|Any CPU
		{6F649777-B0FB-4325-8FD0-A818D34FF495}.Release|x86.Build.0 = Release|Any CPU
		{BA548DB4-37AB-4C75-B661-5B1182103CCA}.Debug|Any CPU.ActiveCfg = Debug|Any CPU
		{BA548DB4-37AB-4C75-B661-5B1182103CCA}.Debug|Any CPU.Build.0 = Debug|Any CPU
		{BA548DB4-37AB-4C75-B661-5B1182103CCA}.Debug|x86.ActiveCfg = Debug|Any CPU
		{BA548DB4-37AB-4C75-B661-5B1182103CCA}.Debug|x86.Build.0 = Debug|Any CPU
		{BA548DB4-37AB-4C75-B661-5B1182103CCA}.Release|Any CPU.ActiveCfg = Release|Any CPU
		{BA548DB4-37AB-4C75-B661-5B1182103CCA}.Release|Any CPU.Build.0 = Release|Any CPU
		{BA548DB4-37AB-4C75-B661-5B1182103CCA}.Release|x86.ActiveCfg = Release|Any CPU
		{BA548DB4-37AB-4C75-B661-5B1182103CCA}.Release|x86.Build.0 = Release|Any CPU
		{5EB0E546-4F43-4448-A461-6F17BB2FC6C6}.Debug|Any CPU.ActiveCfg = Debug|Any CPU
		{5EB0E546-4F43-4448-A461-6F17BB2FC6C6}.Debug|Any CPU.Build.0 = Debug|Any CPU
		{5EB0E546-4F43-4448-A461-6F17BB2FC6C6}.Debug|x86.ActiveCfg = Debug|Any CPU
		{5EB0E546-4F43-4448-A461-6F17BB2FC6C6}.Debug|x86.Build.0 = Debug|Any CPU
		{5EB0E546-4F43-4448-A461-6F17BB2FC6C6}.Release|Any CPU.ActiveCfg = Release|Any CPU
		{5EB0E546-4F43-4448-A461-6F17BB2FC6C6}.Release|Any CPU.Build.0 = Release|Any CPU
		{5EB0E546-4F43-4448-A461-6F17BB2FC6C6}.Release|x86.ActiveCfg = Release|Any CPU
		{5EB0E546-4F43-4448-A461-6F17BB2FC6C6}.Release|x86.Build.0 = Release|Any CPU
		{BDF7C001-6789-409C-8324-CC45E3335228}.Debug|Any CPU.ActiveCfg = Debug|Any CPU
		{BDF7C001-6789-409C-8324-CC45E3335228}.Debug|Any CPU.Build.0 = Debug|Any CPU
		{BDF7C001-6789-409C-8324-CC45E3335228}.Debug|x86.ActiveCfg = Debug|Any CPU
		{BDF7C001-6789-409C-8324-CC45E3335228}.Debug|x86.Build.0 = Debug|Any CPU
		{BDF7C001-6789-409C-8324-CC45E3335228}.Release|Any CPU.ActiveCfg = Release|Any CPU
		{BDF7C001-6789-409C-8324-CC45E3335228}.Release|Any CPU.Build.0 = Release|Any CPU
		{BDF7C001-6789-409C-8324-CC45E3335228}.Release|x86.ActiveCfg = Release|Any CPU
		{BDF7C001-6789-409C-8324-CC45E3335228}.Release|x86.Build.0 = Release|Any CPU
		{94A5D534-A5EC-44F7-B699-9F166A8AAC08}.Debug|Any CPU.ActiveCfg = Debug|Any CPU
		{94A5D534-A5EC-44F7-B699-9F166A8AAC08}.Debug|Any CPU.Build.0 = Debug|Any CPU
		{94A5D534-A5EC-44F7-B699-9F166A8AAC08}.Debug|x86.ActiveCfg = Debug|Any CPU
		{94A5D534-A5EC-44F7-B699-9F166A8AAC08}.Debug|x86.Build.0 = Debug|Any CPU
		{94A5D534-A5EC-44F7-B699-9F166A8AAC08}.Release|Any CPU.ActiveCfg = Release|Any CPU
		{94A5D534-A5EC-44F7-B699-9F166A8AAC08}.Release|Any CPU.Build.0 = Release|Any CPU
		{94A5D534-A5EC-44F7-B699-9F166A8AAC08}.Release|x86.ActiveCfg = Release|Any CPU
		{94A5D534-A5EC-44F7-B699-9F166A8AAC08}.Release|x86.Build.0 = Release|Any CPU
		{BDE15A71-0C11-41AD-826E-6C1281A0820B}.Debug|Any CPU.ActiveCfg = Debug|Any CPU
		{BDE15A71-0C11-41AD-826E-6C1281A0820B}.Debug|Any CPU.Build.0 = Debug|Any CPU
		{BDE15A71-0C11-41AD-826E-6C1281A0820B}.Debug|x86.ActiveCfg = Debug|Any CPU
		{BDE15A71-0C11-41AD-826E-6C1281A0820B}.Debug|x86.Build.0 = Debug|Any CPU
		{BDE15A71-0C11-41AD-826E-6C1281A0820B}.Release|Any CPU.ActiveCfg = Release|Any CPU
		{BDE15A71-0C11-41AD-826E-6C1281A0820B}.Release|Any CPU.Build.0 = Release|Any CPU
		{BDE15A71-0C11-41AD-826E-6C1281A0820B}.Release|x86.ActiveCfg = Release|Any CPU
		{BDE15A71-0C11-41AD-826E-6C1281A0820B}.Release|x86.Build.0 = Release|Any CPU
	EndGlobalSection
	GlobalSection(SolutionProperties) = preSolution
		HideSolutionNode = FALSE
	EndGlobalSection
	GlobalSection(ExtensibilityGlobals) = postSolution
		SolutionGuid = {39E5EDAC-15C2-45A8-B2F6-F7D9C2C61FE6}
	EndGlobalSection
EndGlobal
